{
  "version": 4,
  "terraform_version": "1.2.3",
  "serial": 7,
  "lineage": "a1e13cc9-aec0-d871-675d-1c22f576b181",
  "outputs": {
    "SG-name": {
      "value": "tf-sg-1",
      "type": "string"
    },
    "security-group-id": {
      "value": "sg-08bf939cf72ca7e66",
      "type": "string"
    }
  },
  "resources": [
    {
      "mode": "managed",
      "type": "aws_key_pair",
      "name": "vmUser-key",
      "provider": "provider[\"registry.terraform.io/hashicorp/aws\"]",
      "instances": [
        {
          "schema_version": 1,
          "attributes": {
            "arn": "arn:aws:ec2:us-east-1:588586637097:key-pair/vmUserKey",
            "fingerprint": "5c:13:06:41:02:e4:f6:22:ab:13:ab:63:98:13:12:6d",
            "id": "vmUserKey",
            "key_name": "vmUserKey",
            "key_name_prefix": "",
            "key_pair_id": "key-03b2fd4c0123e5acb",
            "public_key": "ssh-rsa AAAAB3NzaC1yc2EAAAADAQABAAABAQDWxZv3KCwSpA77Wqkh5aDSsYm+wL5AFUeYuPNK5VodhzOkoJnq1e+voOQhWydestdbBWcgnSt0qJ4Ncbuh4tr+uU9zXS8+C2nlz51mGwHMVf1biq12XuDUDdJYdKRk1JJJc+j7juARJUDx1RGG2e+o9HmYfnrb9ij5Ozb4g08LNYMJxP6xVgwOYETFbKKvuXZ42Y66A37caiA6yWC0Hh8dkbxdRp807JH5C7GPzLxtTXZR685YifLEugYf8CMaAW3/MvtrMw8uZZOBY7re4WwoqENoT5776ox2VgU8YhI3f9IHbB524MXRY3RZlls8ukm0+4KYxX0mbaaQBkRK5OVf akash@localhost.localdomain",
            "tags": null,
            "tags_all": {}
          },
          "sensitive_attributes": [],
          "private": "eyJzY2hlbWFfdmVyc2lvbiI6IjEifQ=="
        }
      ]
    },
    {
      "mode": "managed",
      "type": "aws_security_group",
      "name": "tf-sg-1-L",
      "provider": "provider[\"registry.terraform.io/hashicorp/aws\"]",
      "instances": [
        {
          "schema_version": 1,
          "attributes": {
            "arn": "arn:aws:ec2:us-east-1:588586637097:security-group/sg-08bf939cf72ca7e66",
            "description": "tf-created security group",
            "egress": [],
            "id": "sg-08bf939cf72ca7e66",
            "ingress": [
              {
                "cidr_blocks": [
                  "0.0.0.0/0"
                ],
                "description": "ports values by using terraform dynamic block concept",
                "from_port": 22,
                "ipv6_cidr_blocks": [],
                "prefix_list_ids": [],
                "protocol": "tcp",
                "security_groups": [],
                "self": false,
                "to_port": 22
              },
              {
                "cidr_blocks": [
                  "0.0.0.0/0"
                ],
                "description": "ports values by using terraform dynamic block concept",
                "from_port": 27017,
                "ipv6_cidr_blocks": [],
                "prefix_list_ids": [],
                "protocol": "tcp",
                "security_groups": [],
                "self": false,
                "to_port": 27017
              },
              {
                "cidr_blocks": [
                  "0.0.0.0/0"
                ],
                "description": "ports values by using terraform dynamic block concept",
                "from_port": 3306,
                "ipv6_cidr_blocks": [],
                "prefix_list_ids": [],
                "protocol": "tcp",
                "security_groups": [],
                "self": false,
                "to_port": 3306
              },
              {
                "cidr_blocks": [
                  "0.0.0.0/0"
                ],
                "description": "ports values by using terraform dynamic block concept",
                "from_port": 443,
                "ipv6_cidr_blocks": [],
                "prefix_list_ids": [],
                "protocol": "tcp",
                "security_groups": [],
                "self": false,
                "to_port": 443
              },
              {
                "cidr_blocks": [
                  "0.0.0.0/0"
                ],
                "description": "ports values by using terraform dynamic block concept",
                "from_port": 80,
                "ipv6_cidr_blocks": [],
                "prefix_list_ids": [],
                "protocol": "tcp",
                "security_groups": [],
                "self": false,
                "to_port": 80
              }
            ],
            "name": "tf-sg-1",
            "name_prefix": "",
            "owner_id": "588586637097",
            "revoke_rules_on_delete": false,
            "tags": null,
            "tags_all": {},
            "timeouts": null,
            "vpc_id": "vpc-0e619a61d16342988"
          },
          "sensitive_attributes": [],
          "private": "eyJlMmJmYjczMC1lY2FhLTExZTYtOGY4OC0zNDM2M2JjN2M0YzAiOnsiY3JlYXRlIjo2MDAwMDAwMDAwMDAsImRlbGV0ZSI6OTAwMDAwMDAwMDAwfSwic2NoZW1hX3ZlcnNpb24iOiIxIn0="
        }
      ]
    }
  ]
}
